{
    "_meta": {
        "hash": {
            "sha256": "b30532498d87d0f3eeed4b063b27ac2a4d3c188c0a1ea914f69465ea08d6eecd"
        },
        "pipfile-spec": 6,
        "requires": {
            "python_version": "3.10"
        },
        "sources": [
            {
                "name": "pypi",
                "url": "https://pypi.org/simple",
                "verify_ssl": true
            }
        ]
    },
    "default": {
        "grpcio": {
            "hashes": [
                "sha256:002f228d197fea12797a14e152447044e14fb4fdb2eb5d6cfa496f29ddbf79ef",
                "sha256:039003a5e0ae7d41c86c768ef8b3ee2c558aa0a23cf04bf3c23567f37befa092",
                "sha256:09206106848462763f7f273ca93d2d2d4d26cab475089e0de830bb76be04e9e8",
                "sha256:128eb1f8e70676d05b1b0c8e6600320fc222b3f8c985a92224248b1367122188",
                "sha256:1c1c5238c6072470c7f1614bf7c774ffde6b346a100521de9ce791d1e4453afe",
                "sha256:1ed979b273a81de36fc9c6716d9fb09dd3443efa18dcc8652501df11da9583e9",
                "sha256:201e550b7e2ede113b63e718e7ece93cef5b0fbf3c45e8fe4541a5a4305acd15",
                "sha256:212f38c6a156862098f6bdc9a79bf850760a751d259d8f8f249fc6d645105855",
                "sha256:24765a627eb4d9288ace32d5104161c3654128fe27f2808ecd6e9b0cfa7fc8b9",
                "sha256:24edec346e69e672daf12b2c88e95c6f737f3792d08866101d8c5f34370c54fd",
                "sha256:2ef8d4a76d2c7d8065aba829f8d0bc0055495c998dce1964ca5b302d02514fb3",
                "sha256:2f85f87e2f087d9f632c085b37440a3169fda9cdde80cb84057c2fc292f8cbdf",
                "sha256:3886b4d56bd4afeac518dbc05933926198aa967a7d1d237a318e6fbc47141577",
                "sha256:3e6bebf1dfdbeb22afd95650e4f019219fef3ab86d3fca8ebade52e4bc39389a",
                "sha256:458899d2ebd55d5ca2350fd3826dfd8fcb11fe0f79828ae75e2b1e6051d50a29",
                "sha256:4891bbb4bba58acd1d620759b3be11245bfe715eb67a4864c8937b855b7ed7fa",
                "sha256:4b12754af201bb993e6e2efd7812085ddaaef21d0a6f0ff128b97de1ef55aa4a",
                "sha256:532410c51ccd851b706d1fbc00a87be0f5312bd6f8e5dbf89d4e99c7f79d7499",
                "sha256:5b23d75e5173faa3d1296a7bedffb25afd2fddb607ef292dfc651490c7b53c3d",
                "sha256:62831d5e251dd7561d9d9e83a0b8655084b2a1f8ea91e4bd6b3cedfefd32c9d2",
                "sha256:652978551af02373a5a313e07bfef368f406b5929cf2d50fa7e4027f913dbdb4",
                "sha256:6801ff6652ecd2aae08ef994a3e49ff53de29e69e9cd0fd604a79ae4e545a95c",
                "sha256:6cba491c638c76d3dc6c191d9c75041ca5b8f5c6de4b8327ecdcab527f130bb4",
                "sha256:7e473a7abad9af48e3ab5f3b5d237d18208024d28ead65a459bd720401bd2f8f",
                "sha256:8774219e21b05f750eef8adc416e9431cf31b98f6ce9def288e4cea1548cbd22",
                "sha256:8f061722cad3f9aabb3fbb27f3484ec9d4667b7328d1a7800c3c691a98f16bb0",
                "sha256:92ae871a902cf19833328bd6498ec007b265aabf2fda845ab5bd10abcaf4c8c6",
                "sha256:9f13a171281ebb4d7b1ba9f06574bce2455dcd3f2f6d1fbe0fd0d84615c74045",
                "sha256:a2d67ff99e70e86b2be46c1017ae40b4840d09467d5455b2708de6d4c127e143",
                "sha256:b5e8db0aff0a4819946215f156bd722b6f6c8320eb8419567ffc74850c9fd205",
                "sha256:ba0af11938acf8cd4cf815c46156bcde36fa5850518120920d52620cc3ec1830",
                "sha256:bc325fed4d074367bebd465a20763586e5e1ed5b943e9d8bc7c162b1f44fd602",
                "sha256:bc7ffef430b80345729ff0a6825e9d96ac87efe39216e87ac58c6c4ef400de93",
                "sha256:cde11577d5b6fd73a00e6bfa3cf5f428f3f33c2d2878982369b5372bbc4acc60",
                "sha256:d4cef77ad2fed42b1ba9143465856d7e737279854e444925d5ba45fc1f3ba727",
                "sha256:d79b660681eb9bc66cc7cbf78d1b1b9e335ee56f6ea1755d34a31108b80bd3c8",
                "sha256:d81c2b2b24c32139dd2536972f1060678c6b9fbd106842a9fcdecf07b233eccd",
                "sha256:dc72e04620d49d3007771c0e0348deb23ca341c0245d610605dddb4ac65a37cb",
                "sha256:dcfba7befe3a55dab6fe1eb7fc9359dc0c7f7272b30a70ae0af5d5b063842f28",
                "sha256:e9f995a8a421405958ff30599b4d0eec244f28edc760de82f0412c71c61763d2",
                "sha256:eb6b92036ff312d5b4182fa72e8735d17aceca74d0d908a7f08e375456f03e07",
                "sha256:f0241f7eb0d2303a545136c59bc565a35c4fc3b924ccbd69cb482f4828d6f31c",
                "sha256:fad9295fe02455d4f158ad72c90ef8b4bcaadfdb5efb5795f7ab0786ad67dd58",
                "sha256:fbcecb6aedd5c1891db1d70efbfbdc126c986645b5dd616a045c07d6bd2dfa86",
                "sha256:fe643af248442221db027da43ed43e53b73e11f40c9043738de9a2b4b6ca7697"
            ],
            "index": "pypi",
            "version": "==1.58.0"
        },
        "grpcio-tools": {
            "hashes": [
                "sha256:1086fe240c4c879b9721952b47d46996deb283c2d9355a8dc24a804811aacf70",
                "sha256:149fb48f53cb691a6328f68bed8e4036c730f7106b7f98e92c2c0403f0b9e93c",
                "sha256:1852e798f31e5437ca7b37abc910e028b34732fb19364862cedb87b1dab66fad",
                "sha256:1cb6e24194786687d4f23c64de1f0ce553af51de22746911bc37340f85f9783e",
                "sha256:28eefebddec3d3adf19baca78f8b82a2287d358e1b1575ae018cdca8eacc6269",
                "sha256:2c2221123d010dc6231799e63a37f2f4786bf614ef65b23009c387cd20d8b193",
                "sha256:2ef8c696e9d78676cc3f583a92bbbf2c84e94e350f7ad22f150a52559f4599d1",
                "sha256:32d51e933c3565414dd0835f930bb28a1cdeba435d9d2c87fa3cf8b1d284db3c",
                "sha256:343f572312039059a8797d6e29a7fc62196e73131ab01755660a9d48202267c1",
                "sha256:3f8904ac7fc3da2e874f00b3a986e8b7e004f499344a8e7eb213c26dfb025041",
                "sha256:43cc23908b63fcaefe690b10f68a2d8652c994b5b36ab77d2271d9608c895320",
                "sha256:453023120114c35d3d9d6717ea0820e5d5c140f51f9d0b621de4397ff854471b",
                "sha256:46628247fbce86d18232eead24bd22ed0826c79f3fe2fc2fbdbde45971361049",
                "sha256:4882382631e6352819059278a5c878ce0b067008dd490911d16d5616e8a36d85",
                "sha256:4be49ed320b0ebcbc21d19ef555fbf229c1c452105522b728e1171ee2052078e",
                "sha256:4ee26e9253a721fff355737649678535f76cf5d642aa3ac0cd937832559b90af",
                "sha256:51587842a54e025a3d0d37afcf4ef2b7ac1def9a5d17448665cb424b53d6c287",
                "sha256:579c11a9f198847ed48dbc4f211c67fe96a73320b87c81f01b044b72e24a7d77",
                "sha256:60c874908f3b40f32f1bb0221f7b3ab65ecb53a4d0a9f0a394f031f1b292c177",
                "sha256:6997511e9d2979f7a2389479682dbb06823f21a904e8fb0a5c6baaf1b4b4a863",
                "sha256:6997df6e7c5cf4d3ddc764240c1ff6a04b45d70ec28913b38fbc6396ef743e12",
                "sha256:6ca2fc1dd8049d417a5034d944c9df05cee76f855b3e431627ab4292e7c01c47",
                "sha256:6ec43909095c630df3e479e77469bdad367067431f4af602f6ccb978a3b78afd",
                "sha256:6f4d80ceb591e31ca4dceec747dbe56132e1392a0a9bb1c8fe001d1b5cac898a",
                "sha256:6f7144aad9396d35fb1b80429600a970b559c2ad4d07020eeb180fe83cea2bee",
                "sha256:7371d8ea80234b29affec145e25569523f549520ed7e53b2aa92bed412cdecfd",
                "sha256:85ac28a9621e9b92a3fc416288c4ce45542db0b4c31b3e23031dd8e0a0ec5590",
                "sha256:88e8191d0dd789bebf42533808728f5ce75d2c51e2a72bdf20abe5b5e3fbec42",
                "sha256:8ad9d77f25514584b1ddc981d70c9e50dfcfc388aa5ba943eee67520c5267ed9",
                "sha256:8de0b701da479643f71fad71fe66885cddd89441ae16e2c724939b47742dc72e",
                "sha256:9aeb5949e46558d21c51fd3ec3eeecc59c94dbca76c67c0a80d3da6b7437930c",
                "sha256:a062ae3072a2a39a3c057f4d68b57b021f1dd2956cd09aab39709f6af494e1de",
                "sha256:a3dbece2a121761499a659b799979d4b738586d1065439053de553773eee11ca",
                "sha256:a7ae3dca059d5b358dd03fb63277428fa7d771605d4074a019138dd38d70719a",
                "sha256:aadbd8393ae332e49731adb31e741f2e689989150569b7acc939f5ea43124e2d",
                "sha256:ac65b8d6e3acaf88b815edf9af88ff844b6600ff3d2591c05ba4f655b45d5fb4",
                "sha256:b63f823ac991ff77104da614d2a2485a59d37d57830eb2e387a6e2a3edc7fa2b",
                "sha256:b6c896f1df99c35cf062d4803c15663ff00a33ff09add28baa6e475cf6b5e258",
                "sha256:b6ea5578712cdb29b0ff60bfc6405bf0e8d681b9c71d106dd1cda54fe7fe4e55",
                "sha256:ba3d383e5ca93826038b70f326fce8e8d12dd9b2f64d363a3d612f7475f12dd2",
                "sha256:c29880f491581c83181c0a84a4d11402af2b13166a5266f64e246adf1da7aa66",
                "sha256:cd7acfbb43b7338a78cf4a67528d05530d574d92b7c829d185b78dfc451d158f",
                "sha256:d84091a189d848d94645b7c48b61734c12ec03b0d46e5fc0049343a26989ac5c",
                "sha256:df2788736bdf58abe7b0e4d6b1ff806f7686c98c5ad900da312252e3322d91c4",
                "sha256:eec3c93a08df11c80ef1c29a616bcbb0d83dbc6ea41b48306fcacc720416dfa7"
            ],
            "index": "pypi",
            "version": "==1.58.0"
        },
        "loguru": {
            "hashes": [
                "sha256:046bf970cb3cad77a28d607cbf042ac25a407db987a1e801c7f7e692469982f9",
                "sha256:7ba2a7d81b79a412b0ded69bd921e012335e80fd39937a633570f273a343579e"
            ],
            "index": "pypi",
            "version": "==0.7.1"
        },
        "passlib": {
            "hashes": [
                "sha256:aa6bca462b8d8bda89c70b382f0c298a20b5560af6cbfa2dce410c0a2fb669f1",
                "sha256:defd50f72b65c5402ab2c573830a6978e5f202ad0d984793c8dde2c4152ebe04"
            ],
            "index": "pypi",
            "version": "==1.7.4"
        },
        "peewee": {
            "hashes": [
                "sha256:12b30e931193bc37b11f7c2ac646e3f67125a8b1a543ad6ab37ad124c8df7d16"
            ],
            "index": "pypi",
            "version": "==3.16.3"
        },
        "protobuf": {
            "hashes": [
                "sha256:067f750169bc644da2e1ef18c785e85071b7c296f14ac53e0900e605da588719",
                "sha256:12e9ad2ec079b833176d2921be2cb24281fa591f0b119b208b788adc48c2561d",
                "sha256:1b182c7181a2891e8f7f3a1b5242e4ec54d1f42582485a896e4de81aa17540c2",
                "sha256:20651f11b6adc70c0f29efbe8f4a94a74caf61b6200472a9aea6e19898f9fcf4",
                "sha256:2da777d34b4f4f7613cdf85c70eb9a90b1fbef9d36ae4a0ccfe014b0b07906f1",
                "sha256:3d42e9e4796a811478c783ef63dc85b5a104b44aaaca85d4864d5b886e4b05e3",
                "sha256:6e514e8af0045be2b56e56ae1bb14f43ce7ffa0f68b1c793670ccbe2c4fc7d2b",
                "sha256:b0271a701e6782880d65a308ba42bc43874dabd1a0a0f41f72d2dac3b57f8e76",
                "sha256:ba53c2f04798a326774f0e53b9c759eaef4f6a568ea7072ec6629851c8435959",
                "sha256:e29d79c913f17a60cf17c626f1041e5288e9885c8579832580209de8b75f2a52",
                "sha256:f631bb982c5478e0c1c70eab383af74a84be66945ebf5dd6b06fc90079668d0b",
                "sha256:f6ccbcf027761a2978c1406070c3788f6de4a4b2cc20800cc03d52df716ad675",
                "sha256:f6f8dc65625dadaad0c8545319c2e2f0424fede988368893ca3844261342c11a"
            ],
            "index": "pypi",
            "version": "==4.24.3"
        },
        "pymysql": {
            "hashes": [
                "sha256:4f13a7df8bf36a51e81dd9f3605fede45a4878fe02f9236349fd82a3f0612f96",
                "sha256:8969ec6d763c856f7073c4c64662882675702efcb114b4bcbb955aea3a069fa7"
            ],
            "index": "pypi",
            "version": "==1.1.0"
        },
        "setuptools": {
            "hashes": [
                "sha256:00478ca80aeebeecb2f288d3206b0de568df5cd2b8fada1209843cc9a8d88a48",
                "sha256:af3d5949030c3f493f550876b2fd1dd5ec66689c4ee5d5344f009746f71fd5a8"
            ],
            "markers": "python_version >= '3.8'",
            "version": "==68.2.0"
        }
    },
    "develop": {
        "black": {
            "hashes": [
                "sha256:031e8c69f3d3b09e1aa471a926a1eeb0b9071f80b17689a655f7885ac9325a6f",
                "sha256:13a2e4a93bb8ca74a749b6974925c27219bb3df4d42fc45e948a5d9feb5122b7",
                "sha256:13ef033794029b85dfea8032c9d3b92b42b526f1ff4bf13b2182ce4e917f5100",
                "sha256:14f04c990259576acd093871e7e9b14918eb28f1866f91968ff5524293f9c573",
                "sha256:24b6b3ff5c6d9ea08a8888f6977eae858e1f340d7260cf56d70a49823236b62d",
                "sha256:403397c033adbc45c2bd41747da1f7fc7eaa44efbee256b53842470d4ac5a70f",
                "sha256:50254ebfa56aa46a9fdd5d651f9637485068a1adf42270148cd101cdf56e0ad9",
                "sha256:538efb451cd50f43aba394e9ec7ad55a37598faae3348d723b59ea8e91616300",
                "sha256:638619a559280de0c2aa4d76f504891c9860bb8fa214267358f0a20f27c12948",
                "sha256:6a3b50e4b93f43b34a9d3ef00d9b6728b4a722c997c99ab09102fd5efdb88325",
                "sha256:6ccd59584cc834b6d127628713e4b6b968e5f79572da66284532525a042549f9",
                "sha256:75a2dc41b183d4872d3a500d2b9c9016e67ed95738a3624f4751a0cb4818fe71",
                "sha256:7d30ec46de88091e4316b17ae58bbbfc12b2de05e069030f6b747dfc649ad186",
                "sha256:8431445bf62d2a914b541da7ab3e2b4f3bc052d2ccbf157ebad18ea126efb91f",
                "sha256:8fc1ddcf83f996247505db6b715294eba56ea9372e107fd54963c7553f2b6dfe",
                "sha256:a732b82747235e0542c03bf352c126052c0fbc458d8a239a94701175b17d4855",
                "sha256:adc3e4442eef57f99b5590b245a328aad19c99552e0bdc7f0b04db6656debd80",
                "sha256:c46767e8df1b7beefb0899c4a95fb43058fa8500b6db144f4ff3ca38eb2f6393",
                "sha256:c619f063c2d68f19b2d7270f4cf3192cb81c9ec5bc5ba02df91471d0b88c4c5c",
                "sha256:cf3a4d00e4cdb6734b64bf23cd4341421e8953615cba6b3670453737a72ec204",
                "sha256:cf99f3de8b3273a8317681d8194ea222f10e0133a24a7548c73ce44ea1679377",
                "sha256:d6bc09188020c9ac2555a498949401ab35bb6bf76d4e0f8ee251694664df6301"
            ],
            "index": "pypi",
            "version": "==23.9.1"
        },
        "click": {
            "hashes": [
                "sha256:ae74fb96c20a0277a1d615f1e4d73c8414f5a98db8b799a7931d1582f3390c28",
                "sha256:ca9853ad459e787e2192211578cc907e7594e294c7ccc834310722b41b9ca6de"
            ],
            "markers": "python_version >= '3.7'",
            "version": "==8.1.7"
        },
        "mypy-extensions": {
            "hashes": [
                "sha256:4392f6c0eb8a5668a69e23d168ffa70f0be9ccfd32b5cc2d26a34ae5b844552d",
                "sha256:75dbf8955dc00442a438fc4d0666508a9a97b6bd41aa2f0ffe9d2f2725af0782"
            ],
            "markers": "python_version >= '3.5'",
            "version": "==1.0.0"
        },
        "packaging": {
            "hashes": [
                "sha256:994793af429502c4ea2ebf6bf664629d07c1a9fe974af92966e4b8d2df7edc61",
                "sha256:a392980d2b6cffa644431898be54b0045151319d1e7ec34f0cfed48767dd334f"
            ],
            "markers": "python_version >= '3.7'",
            "version": "==23.1"
        },
        "pathspec": {
            "hashes": [
                "sha256:1d6ed233af05e679efb96b1851550ea95bbb64b7c490b0f5aa52996c11e92a20",
                "sha256:e0d8d0ac2f12da61956eb2306b69f9469b42f4deb0f3cb6ed47b9cce9996ced3"
            ],
            "markers": "python_version >= '3.7'",
            "version": "==0.11.2"
        },
        "platformdirs": {
            "hashes": [
                "sha256:b45696dab2d7cc691a3226759c0d3b00c47c8b6e293d96f6436f733303f77f6d",
                "sha256:d7c24979f292f916dc9cbf8648319032f551ea8c49a4c9bf2fb556a02070ec1d"
            ],
            "markers": "python_version >= '3.7'",
            "version": "==3.10.0"
        },
        "tomli": {
            "hashes": [
                "sha256:939de3e7a6161af0c887ef91b7d41a53e7c5a1ca976325f429cb46ea9bc30ecc",
                "sha256:de526c12914f0c550d15924c62d72abc48d6fe7364aa87328337a31007fe8a4f"
            ],
            "markers": "python_version < '3.11'",
            "version": "==2.0.1"
        },
        "typing-extensions": {
            "hashes": [
                "sha256:86b48a88e428cbd88382fb599b8101363c3d92799f965f6b634183367cca1526",
                "sha256:8ac091074039c3b0ecf99e8e339a9cdbcac65b6e6b9684eb692e1d521a5e6bee"
            ],
            "markers": "python_version < '3.11'",
            "version": "==4.8.0rc1"
        }
    }
}
